{
    "_readme": [
        "This file locks the dependencies of your project to a known state",
        "Read more about it at https://getcomposer.org/doc/01-basic-usage.md#composer-lock-the-lock-file",
        "This file is @generated automatically"
    ],
    "hash": "b39216a2bf9f98992e76825b9ede0877",
    "content-hash": "e50c7361e5213c44805ab75ec667d42c",
    "packages": [
        {
            "name": "corneltek/cachekit",
            "version": "1.0.0",
            "source": {
                "type": "git",
                "url": "https://github.com/c9s/CacheKit.git",
                "reference": "8ced1f91e4cfa5a3ccb044e6991f9639676baf5d"
            },
            "dist": {
                "type": "zip",
                "url": "https://api.github.com/repos/c9s/CacheKit/zipball/8ced1f91e4cfa5a3ccb044e6991f9639676baf5d",
                "reference": "8ced1f91e4cfa5a3ccb044e6991f9639676baf5d",
                "shasum": ""
            },
            "require": {
                "corneltek/serializerkit": "~1",
                "php": ">=5.3.0"
            },
            "require-dev": {
                "corneltek/phpunit-testmore": "dev-master"
            },
            "type": "library",
            "autoload": {
                "psr-0": {
                    "CacheKit": "src"
                }
            },
            "notification-url": "https://packagist.org/downloads/",
            "license": [
                "MIT"
            ],
            "authors": [
                {
                    "name": "Yo-An Lin",
                    "email": "cornelius.howl@gmail.com",
                    "homepage": "http://c9s.me"
                }
            ],
            "description": "General cache interface",
            "homepage": "http://github.com/c9s/CacheKit",
            "time": "2013-12-29 15:53:59"
        },
        {
            "name": "corneltek/class-template",
            "version": "2.1.2",
            "source": {
                "type": "git",
                "url": "https://github.com/c9s/ClassTemplate.git",
                "reference": "4bdb46a6b1a5245118e7bf08b4cdacdfdaadb77b"
            },
            "dist": {
                "type": "zip",
                "url": "https://api.github.com/repos/c9s/ClassTemplate/zipball/4bdb46a6b1a5245118e7bf08b4cdacdfdaadb77b",
                "reference": "4bdb46a6b1a5245118e7bf08b4cdacdfdaadb77b",
                "shasum": ""
            },
            "require": {
                "corneltek/codegen": "^2",
                "php": ">=5.3.0",
                "twig/twig": "^1"
            },
            "require-dev": {
                "corneltek/phpunit-testmore": "dev-master"
            },
            "type": "library",
            "autoload": {
                "psr-4": {
                    "ClassTemplate\\": "src/ClassTemplate/"
                }
            },
            "notification-url": "https://packagist.org/downloads/",
            "license": [
                "MIT"
            ],
            "authors": [
                {
                    "name": "Yo-An Lin",
                    "email": "yoanlin93@gmail.com",
                    "homepage": "http://c9s.me"
                }
            ],
            "description": "Class template Utilities",
            "homepage": "http://github.com/c9s/ClassTemplate",
            "time": "2015-09-06 05:04:14"
        },
        {
            "name": "corneltek/cliframework",
            "version": "2.8.0",
            "source": {
                "type": "git",
                "url": "https://github.com/c9s/CLIFramework.git",
                "reference": "fb16b4fc961f9ee94e1723abe7db4d9e7147c3db"
            },
            "dist": {
                "type": "zip",
                "url": "https://api.github.com/repos/c9s/CLIFramework/zipball/fb16b4fc961f9ee94e1723abe7db4d9e7147c3db",
                "reference": "fb16b4fc961f9ee94e1723abe7db4d9e7147c3db",
                "shasum": ""
            },
            "require": {
                "corneltek/class-template": "^2",
                "corneltek/codegen": "^2",
                "corneltek/getoptionkit": "^2",
                "corneltek/universal": ">= 1.4",
                "php": ">=5.3.0",
                "pimple/pimple": "*",
                "symfony/class-loader": "^2.7",
                "symfony/finder": "^2.7"
            },
            "require-dev": {
                "corneltek/phpunit-testmore": "dev-master",
                "satooshi/php-coveralls": "dev-master"
            },
            "type": "library",
            "autoload": {
                "psr-4": {
                    "CLIFramework\\": "src/CLIFramework/"
                }
            },
            "notification-url": "https://packagist.org/downloads/",
            "license": [
                "MIT"
            ],
            "authors": [
                {
                    "name": "Yo-An Lin",
                    "email": "cornelius.howl@gmail.com",
                    "homepage": "http://c9s.me"
                }
            ],
            "description": "Command-line framework for PHP",
            "homepage": "http://github.com/c9s/CLIFramework",
            "keywords": [
                "command",
                "command-line",
                "completion",
                "framework",
                "getopt",
                "zsh"
            ],
            "time": "2015-10-17 03:39:03"
        },
        {
            "name": "corneltek/codegen",
            "version": "2.6.0",
            "source": {
                "type": "git",
                "url": "https://github.com/c9s/CodeGen.git",
                "reference": "12b8b8755311915b19606c1dc29bb1ef725504b1"
            },
            "dist": {
                "type": "zip",
                "url": "https://api.github.com/repos/c9s/CodeGen/zipball/12b8b8755311915b19606c1dc29bb1ef725504b1",
                "reference": "12b8b8755311915b19606c1dc29bb1ef725504b1",
                "shasum": ""
            },
            "require": {
                "doctrine/inflector": "*",
                "php": ">=5.3.0",
                "twig/twig": "^1 >=1.21"
            },
            "require-dev": {
                "corneltek/phpunit-testmore": "dev-master"
            },
            "type": "library",
            "autoload": {
                "psr-4": {
                    "CodeGen\\": "src/CodeGen/"
                }
            },
            "notification-url": "https://packagist.org/downloads/",
            "license": [
                "MIT"
            ],
            "authors": [
                {
                    "name": "Yo-An Lin",
                    "email": "yoanlin93@gmail.com",
                    "homepage": "http://c9s.me"
                }
            ],
            "description": "PHP Code Generation Library",
            "homepage": "http://github.com/c9s/CodeGen",
            "time": "2015-10-21 14:29:25"
        },
        {
            "name": "corneltek/curlkit",
            "version": "1.0.6",
            "source": {
                "type": "git",
                "url": "https://github.com/c9s/CurlKit.git",
                "reference": "fc218e93d297b6654f09dbf31d987262c1c2aadd"
            },
            "dist": {
                "type": "zip",
                "url": "https://api.github.com/repos/c9s/CurlKit/zipball/fc218e93d297b6654f09dbf31d987262c1c2aadd",
                "reference": "fc218e93d297b6654f09dbf31d987262c1c2aadd",
                "shasum": ""
            },
            "require": {
                "php": ">=5.3.0"
            },
            "require-dev": {
                "corneltek/phpunit-testmore": "dev-master"
            },
            "type": "library",
            "autoload": {
                "psr-4": {
                    "CurlKit\\": "src/CurlKit/"
                }
            },
            "notification-url": "https://packagist.org/downloads/",
            "license": [
                "MIT"
            ],
            "description": "Curl Kit",
            "time": "2015-06-22 11:24:26"
        },
        {
            "name": "corneltek/getoptionkit",
            "version": "2.2.4",
            "source": {
                "type": "git",
                "url": "https://github.com/c9s/GetOptionKit.git",
                "reference": "c7170525314b587019c0b2a7b0354432b64b48e0"
            },
            "dist": {
                "type": "zip",
                "url": "https://api.github.com/repos/c9s/GetOptionKit/zipball/c7170525314b587019c0b2a7b0354432b64b48e0",
                "reference": "c7170525314b587019c0b2a7b0354432b64b48e0",
                "shasum": ""
            },
            "require": {
                "php": ">=5.3.0"
            },
            "require-dev": {
                "corneltek/phpunit-testmore": "dev-master",
                "satooshi/php-coveralls": "dev-master"
            },
            "type": "library",
            "autoload": {
                "psr-4": {
                    "GetOptionKit\\": "src/GetOptionKit/"
                }
            },
            "notification-url": "https://packagist.org/downloads/",
            "license": [
                "MIT"
            ],
            "authors": [
                {
                    "name": "Yo-An Lin",
                    "email": "cornelius.howl@gmail.com",
                    "homepage": "http://c9s.me"
                }
            ],
            "description": "Powerful command-line option toolkit",
            "homepage": "http://github.com/c9s/GetOptionKit",
            "time": "2015-10-02 07:53:43"
        },
        {
            "name": "corneltek/pearx",
            "version": "dev-master",
            "source": {
                "type": "git",
                "url": "https://github.com/phpbrew/PEARX.git",
                "reference": "4c0de415c1ed2fe51994d03a9bb6dc3208fb52bf"
            },
            "dist": {
                "type": "zip",
                "url": "https://api.github.com/repos/phpbrew/PEARX/zipball/4c0de415c1ed2fe51994d03a9bb6dc3208fb52bf",
                "reference": "4c0de415c1ed2fe51994d03a9bb6dc3208fb52bf",
                "shasum": ""
            },
            "require": {
                "corneltek/cachekit": "~1",
                "corneltek/curlkit": "*",
                "php": ">=5.3.0"
            },
            "require-dev": {
                "corneltek/phpunit-testmore": "dev-master"
            },
            "type": "library",
            "autoload": {
                "psr-0": {
                    "PEARX": "src"
                }
            },
            "notification-url": "https://packagist.org/downloads/",
            "license": [
                "MIT"
            ],
            "authors": [
                {
                    "name": "Yo-An Lin",
                    "email": "cornelius.howl@gmail.com",
                    "homepage": "http://c9s.me"
                }
            ],
            "description": "PEAR channel client",
            "homepage": "http://github.com/c9s/PEARX",
            "time": "2014-11-02 05:25:35"
        },
        {
            "name": "corneltek/serializerkit",
            "version": "1.1.0",
            "source": {
                "type": "git",
                "url": "https://github.com/c9s/php-SerializerKit.git",
                "reference": "d6f222c252fcf5f7dde788173ceb4a41a92136dd"
            },
            "dist": {
                "type": "zip",
                "url": "https://api.github.com/repos/c9s/php-SerializerKit/zipball/d6f222c252fcf5f7dde788173ceb4a41a92136dd",
                "reference": "d6f222c252fcf5f7dde788173ceb4a41a92136dd",
                "shasum": ""
            },
            "require": {
                "php": ">=5.3.0",
                "symfony/yaml": "~2"
            },
            "require-dev": {
                "corneltek/phpunit-testmore": "dev-master"
            },
            "type": "library",
            "autoload": {
                "psr-0": {
                    "SerializerKit": "src"
                }
            },
            "notification-url": "https://packagist.org/downloads/",
            "time": "2013-12-01 14:32:14"
        },
        {
            "name": "corneltek/universal",
            "version": "1.7.1",
            "source": {
                "type": "git",
                "url": "https://github.com/c9s/Universal.git",
                "reference": "b65fb98f49a594974d4d9ff7848d9100ca9fd193"
            },
            "dist": {
                "type": "zip",
                "url": "https://api.github.com/repos/c9s/Universal/zipball/b65fb98f49a594974d4d9ff7848d9100ca9fd193",
                "reference": "b65fb98f49a594974d4d9ff7848d9100ca9fd193",
                "shasum": ""
            },
            "require": {
                "php": ">=5.3.0"
            },
            "require-dev": {
                "corneltek/phpunit-testmore": "dev-master",
                "satooshi/php-coveralls": "dev-master"
            },
            "type": "library",
            "autoload": {
                "psr-4": {
                    "Universal\\": "src/Universal/"
                }
            },
            "notification-url": "https://packagist.org/downloads/",
            "license": [
                "MIT"
            ],
            "authors": [
                {
                    "name": "Yo-An Lin",
                    "email": "cornelius.howl@gmail.com",
                    "homepage": "http://c9s.me"
                }
            ],
            "description": "Universal library for PHP",
            "homepage": "http://github.com/c9s/Universal",
            "time": "2015-10-07 10:11:05"
        },
        {
            "name": "doctrine/inflector",
            "version": "v1.0.1",
            "source": {
                "type": "git",
                "url": "https://github.com/doctrine/inflector.git",
                "reference": "0bcb2e79d8571787f18b7eb036ed3d004908e604"
            },
            "dist": {
                "type": "zip",
                "url": "https://api.github.com/repos/doctrine/inflector/zipball/0bcb2e79d8571787f18b7eb036ed3d004908e604",
                "reference": "0bcb2e79d8571787f18b7eb036ed3d004908e604",
                "shasum": ""
            },
            "require": {
                "php": ">=5.3.2"
            },
            "require-dev": {
                "phpunit/phpunit": "4.*"
            },
            "type": "library",
            "extra": {
                "branch-alias": {
                    "dev-master": "1.0.x-dev"
                }
            },
            "autoload": {
                "psr-0": {
                    "Doctrine\\Common\\Inflector\\": "lib/"
                }
            },
            "notification-url": "https://packagist.org/downloads/",
            "license": [
                "MIT"
            ],
            "authors": [
                {
                    "name": "Roman Borschel",
                    "email": "roman@code-factory.org"
                },
                {
                    "name": "Benjamin Eberlei",
                    "email": "kontakt@beberlei.de"
                },
                {
                    "name": "Guilherme Blanco",
                    "email": "guilhermeblanco@gmail.com"
                },
                {
                    "name": "Jonathan Wage",
                    "email": "jonwage@gmail.com"
                },
                {
                    "name": "Johannes Schmitt",
                    "email": "schmittjoh@gmail.com"
                }
            ],
            "description": "Common String Manipulations with regard to casing and singular/plural rules.",
            "homepage": "http://www.doctrine-project.org",
            "keywords": [
                "inflection",
                "pluralize",
                "singularize",
                "string"
            ],
            "time": "2014-12-20 21:24:13"
        },
        {
            "name": "pimple/pimple",
            "version": "v3.0.2",
            "source": {
                "type": "git",
                "url": "https://github.com/silexphp/Pimple.git",
                "reference": "a30f7d6e57565a2e1a316e1baf2a483f788b258a"
            },
            "dist": {
                "type": "zip",
                "url": "https://api.github.com/repos/silexphp/Pimple/zipball/a30f7d6e57565a2e1a316e1baf2a483f788b258a",
                "reference": "a30f7d6e57565a2e1a316e1baf2a483f788b258a",
                "shasum": ""
            },
            "require": {
                "php": ">=5.3.0"
            },
            "type": "library",
            "extra": {
                "branch-alias": {
                    "dev-master": "3.0.x-dev"
                }
            },
            "autoload": {
                "psr-0": {
                    "Pimple": "src/"
                }
            },
            "notification-url": "https://packagist.org/downloads/",
            "license": [
                "MIT"
            ],
            "authors": [
                {
                    "name": "Fabien Potencier",
                    "email": "fabien@symfony.com"
                }
            ],
            "description": "Pimple, a simple Dependency Injection Container",
            "homepage": "http://pimple.sensiolabs.org",
            "keywords": [
                "container",
                "dependency injection"
            ],
            "time": "2015-09-11 15:10:35"
        },
        {
            "name": "symfony/class-loader",
            "version": "v2.7.5",
            "source": {
                "type": "git",
                "url": "https://github.com/symfony/class-loader.git",
                "reference": "d957ea6295d7016e20d7eff33a6c1deef819c0d4"
            },
            "dist": {
                "type": "zip",
                "url": "https://api.github.com/repos/symfony/class-loader/zipball/d957ea6295d7016e20d7eff33a6c1deef819c0d4",
                "reference": "d957ea6295d7016e20d7eff33a6c1deef819c0d4",
                "shasum": ""
            },
            "require": {
                "php": ">=5.3.9"
            },
            "require-dev": {
                "symfony/finder": "~2.0,>=2.0.5",
                "symfony/phpunit-bridge": "~2.7"
            },
            "type": "library",
            "extra": {
                "branch-alias": {
                    "dev-master": "2.7-dev"
                }
            },
            "autoload": {
                "psr-4": {
                    "Symfony\\Component\\ClassLoader\\": ""
                }
            },
            "notification-url": "https://packagist.org/downloads/",
            "license": [
                "MIT"
            ],
            "authors": [
                {
                    "name": "Fabien Potencier",
                    "email": "fabien@symfony.com"
                },
                {
                    "name": "Symfony Community",
                    "homepage": "https://symfony.com/contributors"
                }
            ],
            "description": "Symfony ClassLoader Component",
            "homepage": "https://symfony.com",
            "time": "2015-08-26 17:56:37"
        },
        {
            "name": "symfony/finder",
            "version": "v2.7.5",
            "source": {
                "type": "git",
                "url": "https://github.com/symfony/finder.git",
                "reference": "8262ab605973afbb3ef74b945daabf086f58366f"
            },
            "dist": {
                "type": "zip",
                "url": "https://api.github.com/repos/symfony/finder/zipball/8262ab605973afbb3ef74b945daabf086f58366f",
                "reference": "8262ab605973afbb3ef74b945daabf086f58366f",
                "shasum": ""
            },
            "require": {
                "php": ">=5.3.9"
            },
            "require-dev": {
                "symfony/phpunit-bridge": "~2.7"
            },
            "type": "library",
            "extra": {
                "branch-alias": {
                    "dev-master": "2.7-dev"
                }
            },
            "autoload": {
                "psr-4": {
                    "Symfony\\Component\\Finder\\": ""
                }
            },
            "notification-url": "https://packagist.org/downloads/",
            "license": [
                "MIT"
            ],
            "authors": [
                {
                    "name": "Fabien Potencier",
                    "email": "fabien@symfony.com"
                },
                {
                    "name": "Symfony Community",
                    "homepage": "https://symfony.com/contributors"
                }
            ],
            "description": "Symfony Finder Component",
            "homepage": "https://symfony.com",
            "time": "2015-09-19 19:59:23"
        },
        {
            "name": "symfony/process",
            "version": "v2.7.5",
            "source": {
                "type": "git",
                "url": "https://github.com/symfony/process.git",
                "reference": "b27c8e317922cd3cdd3600850273cf6b82b2e8e9"
            },
            "dist": {
                "type": "zip",
                "url": "https://api.github.com/repos/symfony/process/zipball/b27c8e317922cd3cdd3600850273cf6b82b2e8e9",
                "reference": "b27c8e317922cd3cdd3600850273cf6b82b2e8e9",
                "shasum": ""
            },
            "require": {
                "php": ">=5.3.9"
            },
            "require-dev": {
                "symfony/phpunit-bridge": "~2.7"
            },
            "type": "library",
            "extra": {
                "branch-alias": {
                    "dev-master": "2.7-dev"
                }
            },
            "autoload": {
                "psr-4": {
                    "Symfony\\Component\\Process\\": ""
                }
            },
            "notification-url": "https://packagist.org/downloads/",
            "license": [
                "MIT"
            ],
            "authors": [
                {
                    "name": "Fabien Potencier",
                    "email": "fabien@symfony.com"
                },
                {
                    "name": "Symfony Community",
                    "homepage": "https://symfony.com/contributors"
                }
            ],
            "description": "Symfony Process Component",
            "homepage": "https://symfony.com",
            "time": "2015-09-19 19:59:23"
        },
        {
            "name": "symfony/yaml",
            "version": "v2.3.33",
            "target-dir": "Symfony/Component/Yaml",
            "source": {
                "type": "git",
                "url": "https://github.com/symfony/yaml.git",
                "reference": "c5bf1240e11167adb8619accc12af637b6ad8350"
            },
            "dist": {
                "type": "zip",
                "url": "https://api.github.com/repos/symfony/yaml/zipball/c5bf1240e11167adb8619accc12af637b6ad8350",
                "reference": "c5bf1240e11167adb8619accc12af637b6ad8350",
                "shasum": ""
            },
            "require": {
                "php": ">=5.3.3"
            },
            "require-dev": {
                "symfony/phpunit-bridge": "~2.7"
            },
            "type": "library",
            "extra": {
                "branch-alias": {
                    "dev-master": "2.3-dev"
                }
            },
            "autoload": {
                "psr-0": {
                    "Symfony\\Component\\Yaml\\": ""
                }
            },
            "notification-url": "https://packagist.org/downloads/",
            "license": [
                "MIT"
            ],
            "authors": [
                {
                    "name": "Fabien Potencier",
                    "email": "fabien@symfony.com"
                },
                {
                    "name": "Symfony Community",
                    "homepage": "https://symfony.com/contributors"
                }
            ],
            "description": "Symfony Yaml Component",
            "homepage": "https://symfony.com",
            "time": "2015-09-13 17:26:34"
        },
        {
            "name": "twig/twig",
            "version": "v1.22.3",
            "source": {
                "type": "git",
                "url": "https://github.com/twigphp/Twig.git",
                "reference": "ebfc36b7e77b0c1175afe30459cf943010245540"
            },
            "dist": {
                "type": "zip",
                "url": "https://api.github.com/repos/twigphp/Twig/zipball/ebfc36b7e77b0c1175afe30459cf943010245540",
                "reference": "ebfc36b7e77b0c1175afe30459cf943010245540",
                "shasum": ""
            },
            "require": {
                "php": ">=5.2.7"
            },
            "require-dev": {
                "symfony/debug": "~2.7",
                "symfony/phpunit-bridge": "~2.7"
            },
            "type": "library",
            "extra": {
                "branch-alias": {
                    "dev-master": "1.22-dev"
                }
            },
            "autoload": {
                "psr-0": {
                    "Twig_": "lib/"
                }
            },
            "notification-url": "https://packagist.org/downloads/",
            "license": [
                "BSD-3-Clause"
            ],
            "authors": [
                {
                    "name": "Fabien Potencier",
                    "email": "fabien@symfony.com",
                    "homepage": "http://fabien.potencier.org",
                    "role": "Lead Developer"
                },
                {
                    "name": "Armin Ronacher",
                    "email": "armin.ronacher@active-4.com",
                    "role": "Project Founder"
                },
                {
                    "name": "Twig Team",
                    "homepage": "http://twig.sensiolabs.org/contributors",
                    "role": "Contributors"
                }
            ],
            "description": "Twig, the flexible, fast, and secure template language for PHP",
            "homepage": "http://twig.sensiolabs.org",
            "keywords": [
                "templating"
            ],
            "time": "2015-10-13 07:07:02"
        }
    ],
    "packages-dev": [
        {
            "name": "corneltek/phpunit-testmore",
            "version": "dev-master",
            "source": {
                "type": "git",
                "url": "https://github.com/c9s/PHPUnit_TestMore.git",
                "reference": "48ac47406bfd16188a9016cbee3e2a52100941d8"
            },
            "dist": {
                "type": "zip",
                "url": "https://api.github.com/repos/c9s/PHPUnit_TestMore/zipball/48ac47406bfd16188a9016cbee3e2a52100941d8",
                "reference": "48ac47406bfd16188a9016cbee3e2a52100941d8",
                "shasum": ""
            },
            "require": {
                "php": ">=5.3.0"
            },
            "type": "library",
            "autoload": {
                "files": [
                    "src/PHPUnit/TestMore.php"
                ]
            },
            "notification-url": "https://packagist.org/downloads/",
            "time": "2014-02-28 04:55:50"
        }
    ],
    "aliases": [],
    "minimum-stability": "stable",
    "stability-flags": {
        "corneltek/cliframework": 0,
        "corneltek/pearx": 20,
        "symfony/process": 0,
        "symfony/yaml": 0,
        "corneltek/phpunit-testmore": 20
    },
    "prefer-stable": false,
    "prefer-lowest": false,
    "platform": [],
    "platform-dev": []
}
